# THIS IS AN AUTOGENERATED FILE. DO NOT EDIT THIS FILE DIRECTLY.
# yarn lockfile v1


bson@^1.0.4:
  version "1.1.6"
  resolved "https://registry.yarnpkg.com/bson/-/bson-1.1.6.tgz#fb819be9a60cd677e0853aee4ca712a785d6618a"
  integrity sha512-EvVNVeGo4tHxwi8L6bPj3y3itEvStdwvvlojVxxbyYfoaxJ6keLgrTuKdyfEAszFK+H3olzBuafE0yoh0D1gdg==

lodash@^4.17.5:
  version "4.17.15"
  resolved "https://registry.yarnpkg.com/lodash/-/lodash-4.17.15.tgz#b447f6670a0455bbfeedd11392eff330ea097548"
  integrity sha512-8xOcRHvCjnocdS5cpwXQXVzmmh5e5+saE2QGoeQmbKmRS6J3VQppPOIt0MnmE+4xlZoumy0GPG0D0MVIQbNA1A==

safe-buffer@^5.1.1:
  version "5.2.0"
  resolved "https://registry.yarnpkg.com/safe-buffer/-/safe-buffer-5.2.0.tgz#b74daec49b1148f88c64b68d49b1e815c1f2f519"
  integrity sha512-fZEwUGbVl7kouZs1jCdMLdt95hdIv0ZeHg6L7qPeciMZhZ+/gdesW4wgTARkrFWEpspjEATAzUGPG8N2jJiwbg==

safe@^0.4.5:
  version "0.4.6"
  resolved "https://registry.yarnpkg.com/safe/-/safe-0.4.6.tgz#1d5580cf2635c5cb940ea48fb5081ae3c25b1be1"
  integrity sha1-HVWAzyY1xcuUDqSPtQga48JbG+E=

tingodb@^0.6.1:
  version "0.6.1"
  resolved "https://registry.yarnpkg.com/tingodb/-/tingodb-0.6.1.tgz#f63336259af7dfa6c90dfe2556a0dfb0d4eede59"
  integrity sha1-9jM2JZr336bJDf4lVqDfsNTu3lk=
  dependencies:
    lodash "^4.17.5"
    safe "^0.4.5"
    safe-buffer "^5.1.1"
  optionalDependencies:
    bson "^1.0.4"
